// !$*UTF8*$!
{
	archiveVersion = 1;
	classes = {
	};
	objectVersion = 77;
	objects = {

/* Begin PBXContainerItemProxy section */
		15C8A8232D1C6A12004D223E /* PBXContainerItemProxy */ = {
			isa = PBXContainerItemProxy;
			containerPortal = 15C8A80A2D1C6A10004D223E /* Project object */;
			proxyType = 1;
			remoteGlobalIDString = 15C8A8112D1C6A10004D223E;
			remoteInfo = joyRide;
		};
		15C8A82D2D1C6A12004D223E /* PBXContainerItemProxy */ = {
			isa = PBXContainerItemProxy;
			containerPortal = 15C8A80A2D1C6A10004D223E /* Project object */;
			proxyType = 1;
			remoteGlobalIDString = 15C8A8112D1C6A10004D223E;
			remoteInfo = joyRide;
		};
/* End PBXContainerItemProxy section */

/* Begin PBXFileReference section */
		15C8A8122D1C6A10004D223E /* TrackMate.app */ = {isa = PBXFileReference; explicitFileType = wrapper.application; includeInIndex = 0; path = TrackMate.app; sourceTree = BUILT_PRODUCTS_DIR; };
		15C8A8222D1C6A12004D223E /* joyRideTests.xctest */ = {isa = PBXFileReference; explicitFileType = wrapper.cfbundle; includeInIndex = 0; path = joyRideTests.xctest; sourceTree = BUILT_PRODUCTS_DIR; };
		15C8A82C2D1C6A12004D223E /* joyRideUITests.xctest */ = {isa = PBXFileReference; explicitFileType = wrapper.cfbundle; includeInIndex = 0; path = joyRideUITests.xctest; sourceTree = BUILT_PRODUCTS_DIR; };
/* End PBXFileReference section */

/* Begin PBXFileSystemSynchronizedRootGroup section */
		15C8A8142D1C6A10004D223E /* joyRide */ = {
			isa = PBXFileSystemSynchronizedRootGroup;
			path = joyRide;
			sourceTree = "<group>";
		};
		15C8A8252D1C6A12004D223E /* joyRideTests */ = {
			isa = PBXFileSystemSynchronizedRootGroup;
			path = joyRideTests;
			sourceTree = "<group>";
		};
		15C8A82F2D1C6A12004D223E /* joyRideUITests */ = {
			isa = PBXFileSystemSynchronizedRootGroup;
			path = joyRideUITests;
			sourceTree = "<group>";
		};
/* End PBXFileSystemSynchronizedRootGroup section */

/* Begin PBXFrameworksBuildPhase section */
		15C8A80F2D1C6A10004D223E /* Frameworks */ = {
			isa = PBXFrameworksBuildPhase;
			buildActionMask = 2147483647;
			files = (
			);
			runOnlyForDeploymentPostprocessing = 0;
		};
		15C8A81F2D1C6A12004D223E /* Frameworks */ = {
			isa = PBXFrameworksBuildPhase;
			buildActionMask = 2147483647;
			files = (
			);
			runOnlyForDeploymentPostprocessing = 0;
		};
		15C8A8292D1C6A12004D223E /* Frameworks */ = {
			isa = PBXFrameworksBuildPhase;
			buildActionMask = 2147483647;
			files = (
			);
			runOnlyForDeploymentPostprocessing = 0;
		};
/* End PBXFrameworksBuildPhase section */

/* Begin PBXGroup section */
		15C8A8092D1C6A10004D223E = {
			isa = PBXGroup;
			children = (
				15C8A8142D1C6A10004D223E /* joyRide */,
				15C8A8252D1C6A12004D223E /* joyRideTests */,
				15C8A82F2D1C6A12004D223E /* joyRideUITests */,
				15C8A8132D1C6A10004D223E /* Products */,
			);
			sourceTree = "<group>";
		};
		15C8A8132D1C6A10004D223E /* Products */ = {
			isa = PBXGroup;
			children = (
				15C8A8122D1C6A10004D223E /* TrackMate.app */,
				15C8A8222D1C6A12004D223E /* joyRideTests.xctest */,
				15C8A82C2D1C6A12004D223E /* joyRideUITests.xctest */,
			);
			name = Products;
			sourceTree = "<group>";
		};
/* End PBXGroup section */

/* Begin PBXNativeTarget section */
		15C8A8112D1C6A10004D223E /* joyRide */ = {
			isa = PBXNativeTarget;
			buildConfigurationList = 15C8A8362D1C6A12004D223E /* Build configuration list for PBXNativeTarget "joyRide" */;
			buildPhases = (
				15C8A80E2D1C6A10004D223E /* Sources */,
				15C8A80F2D1C6A10004D223E /* Frameworks */,
				15C8A8102D1C6A10004D223E /* Resources */,
			);
			buildRules = (
			);
			dependencies = (
			);
			fileSystemSynchronizedGroups = (
				15C8A8142D1C6A10004D223E /* joyRide */,
			);
			name = joyRide;
			packageProductDependencies = (
			);
			productName = joyRide;
			productReference = 15C8A8122D1C6A10004D223E /* TrackMate.app */;
			productType = "com.apple.product-type.application";
		};
		15C8A8212D1C6A12004D223E /* joyRideTests */ = {
			isa = PBXNativeTarget;
			buildConfigurationList = 15C8A8392D1C6A12004D223E /* Build configuration list for PBXNativeTarget "joyRideTests" */;
			buildPhases = (
				15C8A81E2D1C6A12004D223E /* Sources */,
				15C8A81F2D1C6A12004D223E /* Frameworks */,
				15C8A8202D1C6A12004D223E /* Resources */,
			);
			buildRules = (
			);
			dependencies = (
				15C8A8242D1C6A12004D223E /* PBXTargetDependency */,
			);
			fileSystemSynchronizedGroups = (
				15C8A8252D1C6A12004D223E /* joyRideTests */,
			);
			name = joyRideTests;
			packageProductDependencies = (
			);
			productName = joyRideTests;
			productReference = 15C8A8222D1C6A12004D223E /* joyRideTests.xctest */;
			productType = "com.apple.product-type.bundle.unit-test";
		};
		15C8A82B2D1C6A12004D223E /* joyRideUITests */ = {
			isa = PBXNativeTarget;
			buildConfigurationList = 15C8A83C2D1C6A12004D223E /* Build configuration list for PBXNativeTarget "joyRideUITests" */;
			buildPhases = (
				15C8A8282D1C6A12004D223E /* Sources */,
				15C8A8292D1C6A12004D223E /* Frameworks */,
				15C8A82A2D1C6A12004D223E /* Resources */,
			);
			buildRules = (
			);
			dependencies = (
				15C8A82E2D1C6A12004D223E /* PBXTargetDependency */,
			);
			fileSystemSynchronizedGroups = (
				15C8A82F2D1C6A12004D223E /* joyRideUITests */,
			);
			name = joyRideUITests;
			packageProductDependencies = (
			);
			productName = joyRideUITests;
			productReference = 15C8A82C2D1C6A12004D223E /* joyRideUITests.xctest */;
			productType = "com.apple.product-type.bundle.ui-testing";
		};
/* End PBXNativeTarget section */

/* Begin PBXProject section */
		15C8A80A2D1C6A10004D223E /* Project object */ = {
			isa = PBXProject;
			attributes = {
				BuildIndependentTargetsInParallel = 1;
				LastSwiftUpdateCheck = 1620;
				LastUpgradeCheck = 1620;
				TargetAttributes = {
					15C8A8112D1C6A10004D223E = {
						CreatedOnToolsVersion = 16.2;
					};
					15C8A8212D1C6A12004D223E = {
						CreatedOnToolsVersion = 16.2;
						TestTargetID = 15C8A8112D1C6A10004D223E;
					};
					15C8A82B2D1C6A12004D223E = {
						CreatedOnToolsVersion = 16.2;
						TestTargetID = 15C8A8112D1C6A10004D223E;
					};
				};
			};
			buildConfigurationList = 15C8A80D2D1C6A10004D223E /* Build configuration list for PBXProject "joyRide" */;
			developmentRegion = en;
			hasScannedForEncodings = 0;
			knownRegions = (
				en,
				Base,
			);
			mainGroup = 15C8A8092D1C6A10004D223E;
			minimizedProjectReferenceProxies = 1;
			preferredProjectObjectVersion = 77;
			productRefGroup = 15C8A8132D1C6A10004D223E /* Products */;
			projectDirPath = "";
			projectRoot = "";
			targets = (
				15C8A8112D1C6A10004D223E /* joyRide */,
				15C8A8212D1C6A12004D223E /* joyRideTests */,
				15C8A82B2D1C6A12004D223E /* joyRideUITests */,
			);
		};
/* End PBXProject section */

/* Begin PBXResourcesBuildPhase section */
		15C8A8102D1C6A10004D223E /* Resources */ = {
			isa = PBXResourcesBuildPhase;
			buildActionMask = 2147483647;
			files = (
			);
			runOnlyForDeploymentPostprocessing = 0;
		};
		15C8A8202D1C6A12004D223E /* Resources */ = {
			isa = PBXResourcesBuildPhase;
			buildActionMask = 2147483647;
			files = (
			);
			runOnlyForDeploymentPostprocessing = 0;
		};
		15C8A82A2D1C6A12004D223E /* Resources */ = {
			isa = PBXResourcesBuildPhase;
			buildActionMask = 2147483647;
			files = (
			);
			runOnlyForDeploymentPostprocessing = 0;
		};
/* End PBXResourcesBuildPhase section */

/* Begin PBXSourcesBuildPhase section */
		15C8A80E2D1C6A10004D223E /* Sources */ = {
			isa = PBXSourcesBuildPhase;
			buildActionMask = 2147483647;
			files = (
			);
			runOnlyForDeploymentPostprocessing = 0;
		};
		15C8A81E2D1C6A12004D223E /* Sources */ = {
			isa = PBXSourcesBuildPhase;
			buildActionMask = 2147483647;
			files = (
			);
			runOnlyForDeploymentPostprocessing = 0;
		};
		15C8A8282D1C6A12004D223E /* Sources */ = {
			isa = PBXSourcesBuildPhase;
			buildActionMask = 2147483647;
			files = (
			);
			runOnlyForDeploymentPostprocessing = 0;
		};
/* End PBXSourcesBuildPhase section */

/* Begin PBXTargetDependency section */
		15C8A8242D1C6A12004D223E /* PBXTargetDependency */ = {
			isa = PBXTargetDependency;
			target = 15C8A8112D1C6A10004D223E /* joyRide */;
			targetProxy = 15C8A8232D1C6A12004D223E /* PBXContainerItemProxy */;
		};
		15C8A82E2D1C6A12004D223E /* PBXTargetDependency */ = {
			isa = PBXTargetDependency;
			target = 15C8A8112D1C6A10004D223E /* joyRide */;
			targetProxy = 15C8A82D2D1C6A12004D223E /* PBXContainerItemProxy */;
		};
/* End PBXTargetDependency section */

/* Begin XCBuildConfiguration section */
		15C8A8342D1C6A12004D223E /* Debug */ = {
			isa = XCBuildConfiguration;
			buildSettings = {
				ALWAYS_SEARCH_USER_PATHS = NO;
				ASSETCATALOG_COMPILER_GENERATE_SWIFT_ASSET_SYMBOL_EXTENSIONS = YES;
				CLANG_ANALYZER_NONNULL = YES;
				CLANG_ANALYZER_NUMBER_OBJECT_CONVERSION = YES_AGGRESSIVE;
				CLANG_CXX_LANGUAGE_STANDARD = "gnu++20";
				CLANG_ENABLE_MODULES = YES;
				CLANG_ENABLE_OBJC_ARC = YES;
				CLANG_ENABLE_OBJC_WEAK = YES;
				CLANG_WARN_BLOCK_CAPTURE_AUTORELEASING = YES;
				CLANG_WARN_BOOL_CONVERSION = YES;
				CLANG_WARN_COMMA = YES;
				CLANG_WARN_CONSTANT_CONVERSION = YES;
				CLANG_WARN_DEPRECATED_OBJC_IMPLEMENTATIONS = YES;
				CLANG_WARN_DIRECT_OBJC_ISA_USAGE = YES_ERROR;
				CLANG_WARN_DOCUMENTATION_COMMENTS = YES;
				CLANG_WARN_EMPTY_BODY = YES;
				CLANG_WARN_ENUM_CONVERSION = YES;
				CLANG_WARN_INFINITE_RECURSION = YES;
				CLANG_WARN_INT_CONVERSION = YES;
				CLANG_WARN_NON_LITERAL_NULL_CONVERSION = YES;
				CLANG_WARN_OBJC_IMPLICIT_RETAIN_SELF = YES;
				CLANG_WARN_OBJC_LITERAL_CONVERSION = YES;
				CLANG_WARN_OBJC_ROOT_CLASS = YES_ERROR;
				CLANG_WARN_QUOTED_INCLUDE_IN_FRAMEWORK_HEADER = YES;
				CLANG_WARN_RANGE_LOOP_ANALYSIS = YES;
				CLANG_WARN_STRICT_PROTOTYPES = YES;
				CLANG_WARN_SUSPICIOUS_MOVE = YES;
				CLANG_WARN_UNGUARDED_AVAILABILITY = YES_AGGRESSIVE;
				CLANG_WARN_UNREACHABLE_CODE = YES;
				CLANG_WARN__DUPLICATE_METHOD_MATCH = YES;
				COPY_PHASE_STRIP = NO;
				DEBUG_INFORMATION_FORMAT = dwarf;
				ENABLE_STRICT_OBJC_MSGSEND = YES;
				ENABLE_TESTABILITY = YES;
				ENABLE_USER_SCRIPT_SANDBOXING = YES;
				GCC_C_LANGUAGE_STANDARD = gnu17;
				GCC_DYNAMIC_NO_PIC = NO;
				GCC_NO_COMMON_BLOCKS = YES;
				GCC_OPTIMIZATION_LEVEL = 0;
				GCC_PREPROCESSOR_DEFINITIONS = (
					"DEBUG=1",
					"$(inherited)",
				);
				GCC_WARN_64_TO_32_BIT_CONVERSION = YES;
				GCC_WARN_ABOUT_RETURN_TYPE = YES_ERROR;
				GCC_WARN_UNDECLARED_SELECTOR = YES;
				GCC_WARN_UNINITIALIZED_AUTOS = YES_AGGRESSIVE;
				GCC_WARN_UNUSED_FUNCTION = YES;
				GCC_WARN_UNUSED_VARIABLE = YES;
				IPHONEOS_DEPLOYMENT_TARGET = 18.2;
				LOCALIZATION_PREFERS_STRING_CATALOGS = YES;
				MTL_ENABLE_DEBUG_INFO = INCLUDE_SOURCE;
				MTL_FAST_MATH = YES;
				ONLY_ACTIVE_ARCH = YES;
				SDKROOT = iphoneos;
				SWIFT_ACTIVE_COMPILATION_CONDITIONS = "DEBUG $(inherited)";
				SWIFT_OPTIMIZATION_LEVEL = "-Onone";
			};
			name = Debug;
		};
		15C8A8352D1C6A12004D223E /* Release */ = {
			isa = XCBuildConfiguration;
			buildSettings = {
				ALWAYS_SEARCH_USER_PATHS = NO;
				ASSETCATALOG_COMPILER_GENERATE_SWIFT_ASSET_SYMBOL_EXTENSIONS = YES;
				CLANG_ANALYZER_NONNULL = YES;
				CLANG_ANALYZER_NUMBER_OBJECT_CONVERSION = YES_AGGRESSIVE;
				CLANG_CXX_LANGUAGE_STANDARD = "gnu++20";
				CLANG_ENABLE_MODULES = YES;
				CLANG_ENABLE_OBJC_ARC = YES;
				CLANG_ENABLE_OBJC_WEAK = YES;
				CLANG_WARN_BLOCK_CAPTURE_AUTORELEASING = YES;
				CLANG_WARN_BOOL_CONVERSION = YES;
				CLANG_WARN_COMMA = YES;
				CLANG_WARN_CONSTANT_CONVERSION = YES;
				CLANG_WARN_DEPRECATED_OBJC_IMPLEMENTATIONS = YES;
				CLANG_WARN_DIRECT_OBJC_ISA_USAGE = YES_ERROR;
				CLANG_WARN_DOCUMENTATION_COMMENTS = YES;
				CLANG_WARN_EMPTY_BODY = YES;
				CLANG_WARN_ENUM_CONVERSION = YES;
				CLANG_WARN_INFINITE_RECURSION = YES;
				CLANG_WARN_INT_CONVERSION = YES;
				CLANG_WARN_NON_LITERAL_NULL_CONVERSION = YES;
				CLANG_WARN_OBJC_IMPLICIT_RETAIN_SELF = YES;
				CLANG_WARN_OBJC_LITERAL_CONVERSION = YES;
				CLANG_WARN_OBJC_ROOT_CLASS = YES_ERROR;
				CLANG_WARN_QUOTED_INCLUDE_IN_FRAMEWORK_HEADER = YES;
				CLANG_WARN_RANGE_LOOP_ANALYSIS = YES;
				CLANG_WARN_STRICT_PROTOTYPES = YES;
				CLANG_WARN_SUSPICIOUS_MOVE = YES;
				CLANG_WARN_UNGUARDED_AVAILABILITY = YES_AGGRESSIVE;
				CLANG_WARN_UNREACHABLE_CODE = YES;
				CLANG_WARN__DUPLICATE_METHOD_MATCH = YES;
				COPY_PHASE_STRIP = NO;
				DEBUG_INFORMATION_FORMAT = "dwarf-with-dsym";
				ENABLE_NS_ASSERTIONS = NO;
				ENABLE_STRICT_OBJC_MSGSEND = YES;
				ENABLE_USER_SCRIPT_SANDBOXING = YES;
				GCC_C_LANGUAGE_STANDARD = gnu17;
				GCC_NO_COMMON_BLOCKS = YES;
				GCC_WARN_64_TO_32_BIT_CONVERSION = YES;
				GCC_WARN_ABOUT_RETURN_TYPE = YES_ERROR;
				GCC_WARN_UNDECLARED_SELECTOR = YES;
				GCC_WARN_UNINITIALIZED_AUTOS = YES_AGGRESSIVE;
				GCC_WARN_UNUSED_FUNCTION = YES;
				GCC_WARN_UNUSED_VARIABLE = YES;
				IPHONEOS_DEPLOYMENT_TARGET = 18.2;
				LOCALIZATION_PREFERS_STRING_CATALOGS = YES;
				MTL_ENABLE_DEBUG_INFO = NO;
				MTL_FAST_MATH = YES;
				SDKROOT = iphoneos;
				SWIFT_COMPILATION_MODE = wholemodule;
				VALIDATE_PRODUCT = YES;
			};
			name = Release;
		};
		15C8A8372D1C6A12004D223E /* Debug */ = {
			isa = XCBuildConfiguration;
			buildSettings = {
				ASSETCATALOG_COMPILER_APPICON_NAME = "AppIcon 1";
				ASSETCATALOG_COMPILER_GLOBAL_ACCENT_COLOR_NAME = AccentColor;
				CODE_SIGN_STYLE = Automatic;
				CURRENT_PROJECT_VERSION = 1;
				DEVELOPMENT_ASSET_PATHS = "\"joyRide/Preview Content\"";
				DEVELOPMENT_TEAM = S5Z539Z82G;
				ENABLE_PREVIEWS = YES;
				GENERATE_INFOPLIST_FILE = YES;
				INFOPLIST_KEY_NSLocationAlwaysUsageDescription = "Please enable location";
				INFOPLIST_KEY_UIApplicationSceneManifest_Generation = YES;
				INFOPLIST_KEY_UIApplicationSupportsIndirectInputEvents = YES;
				INFOPLIST_KEY_UILaunchScreen_Generation = YES;
				INFOPLIST_KEY_UISupportedInterfaceOrientations = UIInterfaceOrientationPortrait;
				LD_RUNPATH_SEARCH_PATHS = (
					"$(inherited)",
					"@executable_path/Frameworks",
				);
				MARKETING_VERSION = 1.0;
				PRODUCT_BUNDLE_IDENTIFIER = Wang.joyRide;
				PRODUCT_NAME = TrackMate;
				SWIFT_EMIT_LOC_STRINGS = YES;
				SWIFT_VERSION = 5.0;
				TARGETED_DEVICE_FAMILY = "1,2";
			};
			name = Debug;
		};
		15C8A8382D1C6A12004D223E /* Release */ = {
			isa = XCBuildConfiguration;
			buildSettings = {
				ASSETCATALOG_COMPILER_APPICON_NAME = "AppIcon 1";
				ASSETCATALOG_COMPILER_GLOBAL_ACCENT_COLOR_NAME = AccentColor;
				CODE_SIGN_STYLE = Automatic;
				CURRENT_PROJECT_VERSION = 1;
				DEVELOPMENT_ASSET_PATHS = "\"joyRide/Preview Content\"";
				DEVELOPMENT_TEAM = S5Z539Z82G;
				ENABLE_PREVIEWS = YES;
				GENERATE_INFOPLIST_FILE = YES;
				INFOPLIST_KEY_NSLocationAlwaysUsageDescription = "Please enable location";
				INFOPLIST_KEY_UIApplicationSceneManifest_Generation = YES;
				INFOPLIST_KEY_UIApplicationSupportsIndirectInputEvents = YES;
				INFOPLIST_KEY_UILaunchScreen_Generation = YES;
				INFOPLIST_KEY_UISupportedInterfaceOrientations = UIInterfaceOrientationPortrait;
				LD_RUNPATH_SEARCH_PATHS = (
					"$(inherited)",
					"@executable_path/Frameworks",
				);
				MARKETING_VERSION = 1.0;
				PRODUCT_BUNDLE_IDENTIFIER = Wang.joyRide;
				PRODUCT_NAME = TrackMate;
				SWIFT_EMIT_LOC_STRINGS = YES;
				SWIFT_VERSION = 5.0;
				TARGETED_DEVICE_FAMILY = "1,2";
			};
			name = Release;
		};
		15C8A83A2D1C6A12004D223E /* Debug */ = {
			isa = XCBuildConfiguration;
			buildSettings = {
				BUNDLE_LOADER = "$(TEST_HOST)";
				CODE_SIGN_STYLE = Automatic;
				CURRENT_PROJECT_VERSION = 1;
				DEVELOPMENT_TEAM = S5Z539Z82G;
				GENERATE_INFOPLIST_FILE = YES;
				IPHONEOS_DEPLOYMENT_TARGET = 18.2;
				MARKETING_VERSION = 1.0;
				PRODUCT_BUNDLE_IDENTIFIER = Wang.joyRideTests;
				PRODUCT_NAME = "$(TARGET_NAME)";
				SWIFT_EMIT_LOC_STRINGS = NO;
				SWIFT_VERSION = 5.0;
				TARGETED_DEVICE_FAMILY = "1,2";
				TEST_HOST = "$(BUILT_PRODUCTS_DIR)/joyRide.app/$(BUNDLE_EXECUTABLE_FOLDER_PATH)/joyRide";
			};
			name = Debug;
		};
		15C8A83B2D1C6A12004D223E /* Release */ = {
			isa = XCBuildConfiguration;
			buildSettings = {
				BUNDLE_LOADER = "$(TEST_HOST)";
				CODE_SIGN_STYLE = Automatic;
				CURRENT_PROJECT_VERSION = 1;
				DEVELOPMENT_TEAM = S5Z539Z82G;
				GENERATE_INFOPLIST_FILE = YES;
				IPHONEOS_DEPLOYMENT_TARGET = 18.2;
				MARKETING_VERSION = 1.0;
				PRODUCT_BUNDLE_IDENTIFIER = Wang.joyRideTests;
				PRODUCT_NAME = "$(TARGET_NAME)";
				SWIFT_EMIT_LOC_STRINGS = NO;
				SWIFT_VERSION = 5.0;
				TARGETED_DEVICE_FAMILY = "1,2";
				TEST_HOST = "$(BUILT_PRODUCTS_DIR)/joyRide.app/$(BUNDLE_EXECUTABLE_FOLDER_PATH)/joyRide";
			};
			name = Release;
		};
		15C8A83D2D1C6A12004D223E /* Debug */ = {
			isa = XCBuildConfiguration;
			buildSettings = {
				CODE_SIGN_STYLE = Automatic;
				CURRENT_PROJECT_VERSION = 1;
				DEVELOPMENT_TEAM = S5Z539Z82G;
				GENERATE_INFOPLIST_FILE = YES;
				MARKETING_VERSION = 1.0;
				PRODUCT_BUNDLE_IDENTIFIER = Wang.joyRideUITests;
				PRODUCT_NAME = "$(TARGET_NAME)";
				SWIFT_EMIT_LOC_STRINGS = NO;
				SWIFT_VERSION = 5.0;
				TARGETED_DEVICE_FAMILY = "1,2";
				TEST_TARGET_NAME = joyRide;
			};
			name = Debug;
		};
		15C8A83E2D1C6A12004D223E /* Release */ = {
			isa = XCBuildConfiguration;
			buildSettings = {
				CODE_SIGN_STYLE = Automatic;
				CURRENT_PROJECT_VERSION = 1;
				DEVELOPMENT_TEAM = S5Z539Z82G;
				GENERATE_INFOPLIST_FILE = YES;
				MARKETING_VERSION = 1.0;
				PRODUCT_BUNDLE_IDENTIFIER = Wang.joyRideUITests;
				PRODUCT_NAME = "$(TARGET_NAME)";
				SWIFT_EMIT_LOC_STRINGS = NO;
				SWIFT_VERSION = 5.0;
				TARGETED_DEVICE_FAMILY = "1,2";
				TEST_TARGET_NAME = joyRide;
			};
			name = Release;
		};
/* End XCBuildConfiguration section */

/* Begin XCConfigurationList section */
		15C8A80D2D1C6A10004D223E /* Build configuration list for PBXProject "joyRide" */ = {
			isa = XCConfigurationList;
			buildConfigurations = (
				15C8A8342D1C6A12004D223E /* Debug */,
				15C8A8352D1C6A12004D223E /* Release */,
			);
			defaultConfigurationIsVisible = 0;
			defaultConfigurationName = Release;
		};
		15C8A8362D1C6A12004D223E /* Build configuration list for PBXNativeTarget "joyRide" */ = {
			isa = XCConfigurationList;
			buildConfigurations = (
				15C8A8372D1C6A12004D223E /* Debug */,
				15C8A8382D1C6A12004D223E /* Release */,
			);
			defaultConfigurationIsVisible = 0;
			defaultConfigurationName = Release;
		};
		15C8A8392D1C6A12004D223E /* Build configuration list for PBXNativeTarget "joyRideTests" */ = {
			isa = XCConfigurationList;
			buildConfigurations = (
				15C8A83A2D1C6A12004D223E /* Debug */,
				15C8A83B2D1C6A12004D223E /* Release */,
			);
			defaultConfigurationIsVisible = 0;
			defaultConfigurationName = Release;
		};
		15C8A83C2D1C6A12004D223E /* Build configuration list for PBXNativeTarget "joyRideUITests" */ = {
			isa = XCConfigurationList;
			buildConfigurations = (
				15C8A83D2D1C6A12004D223E /* Debug */,
				15C8A83E2D1C6A12004D223E /* Release */,
			);
			defaultConfigurationIsVisible = 0;
			defaultConfigurationName = Release;
		};
/* End XCConfigurationList section */
	};
	rootObject = 15C8A80A2D1C6A10004D223E /* Project object */;
}
